
Microsoft Visual Studio Solution File, Format Version 12.00
# Visual Studio Version 17
VisualStudioVersion = 17.1.32319.34
MinimumVisualStudioVersion = 10.0.40219.1
Project("{2150E333-8FDC-42A3-9474-1A3956D46DE8}") = "Services", "Services", "{95D116AE-E59C-4588-9818-A5D0A9F6663F}"
EndProject
Project("{2150E333-8FDC-42A3-9474-1A3956D46DE8}") = "Catalog", "Catalog", "{866B743A-EE77-4229-81E8-129FAD0F7450}"
EndProject
Project("{9A19103F-16F7-4668-BE54-9A1E7A4F7556}") = "Catalog.API", "Services\Catalog\Catalog.API\Catalog.API.csproj", "{207A1147-94AD-4D9F-A2E0-85B3310B33CE}"
EndProject
Project("{2150E333-8FDC-42A3-9474-1A3956D46DE8}") = "src", "src", "{07A8D1C2-A07B-4606-B1F1-DFBC16F8C8AE}"
EndProject
Project("{2150E333-8FDC-42A3-9474-1A3956D46DE8}") = "tests", "tests", "{232D103D-AF2F-4725-B7DB-ED56F5687862}"
EndProject
Project("{2150E333-8FDC-42A3-9474-1A3956D46DE8}") = "Services", "Services", "{8075D911-EFE6-4B87-8D2C-B3D38481AF77}"
EndProject
Project("{2150E333-8FDC-42A3-9474-1A3956D46DE8}") = "Catalog", "Catalog", "{E6CD1C10-8FC8-45D1-AE60-78B0348D4F5B}"
EndProject
Project("{E53339B2-1760-4266-BCC7-CA923CBCF16C}") = "docker-compose", "docker-compose.dcproj", "{91F23A2A-30B6-4742-9B97-AB64B62DCBD1}"
EndProject
Project("{2150E333-8FDC-42A3-9474-1A3956D46DE8}") = "WebApps", "WebApps", "{4F1B14EE-5A02-4E16-88D3-3CDFA8BAE6B6}"
EndProject
Project("{2150E333-8FDC-42A3-9474-1A3956D46DE8}") = "BuildingBlocks", "BuildingBlocks", "{9A986B3C-673A-491B-B034-F3AA33572414}"
EndProject
Project("{2150E333-8FDC-42A3-9474-1A3956D46DE8}") = "ApiGateways", "ApiGateways", "{7DE7D007-7EB8-4317-972D-2AF7C7A87F0C}"
EndProject
Project("{2150E333-8FDC-42A3-9474-1A3956D46DE8}") = "Basket", "Basket", "{DBC763DA-B03F-40D1-B30B-D157C5E6AD70}"
EndProject
Project("{9A19103F-16F7-4668-BE54-9A1E7A4F7556}") = "Basket.API", "Services\Basket\Basket.API\Basket.API.csproj", "{FA4B1703-8604-4EC8-A1CB-065645CB378A}"
EndProject
Project("{2150E333-8FDC-42A3-9474-1A3956D46DE8}") = "Basket", "Basket", "{760A0C35-E8E2-43E7-A1D2-4A813FD28CBA}"
EndProject
Project("{9A19103F-16F7-4668-BE54-9A1E7A4F7556}") = "Basket.API.UnitTests", "..\tests\Services\Basket\Basket.API.UnitTests\Basket.API.UnitTests.csproj", "{76668F15-E382-4758-B2A8-713067CB53F3}"
EndProject
Project("{9A19103F-16F7-4668-BE54-9A1E7A4F7556}") = "Catalog.API.UnitTests", "..\tests\Services\Catalog\Catalog.API.UnitTests\Catalog.API.UnitTests.csproj", "{88BDFA23-D68B-4D58-8814-68955FB02BBE}"
EndProject
Project("{2150E333-8FDC-42A3-9474-1A3956D46DE8}") = "Discount", "Discount", "{CCE63820-7410-49B2-8CE8-F01476DDECDA}"
EndProject
Project("{9A19103F-16F7-4668-BE54-9A1E7A4F7556}") = "Discount.API", "Services\Discount\Discount.API\Discount.API.csproj", "{A77B65AE-FDF0-4345-AD81-EF47CD056F54}"
EndProject
Project("{2150E333-8FDC-42A3-9474-1A3956D46DE8}") = "Discount", "Discount", "{5E2CBD24-2F6E-4412-B579-72039880F150}"
EndProject
Project("{9A19103F-16F7-4668-BE54-9A1E7A4F7556}") = "Discount.API.UnitTests", "..\tests\Services\Discount\Discount.API.UnitTests\Discount.API.UnitTests.csproj", "{78C45BC4-BAAA-47EA-B323-8338039FF47D}"
EndProject
Project("{9A19103F-16F7-4668-BE54-9A1E7A4F7556}") = "Discount.Grpc", "Services\Discount\Discount.Grpc\Discount.Grpc.csproj", "{E465524C-055B-46DB-A554-3365990BA244}"
EndProject
Project("{2150E333-8FDC-42A3-9474-1A3956D46DE8}") = "Ordering", "Ordering", "{358ACE3F-BB84-4D04-A0C3-2F0A978FD560}"
EndProject
Project("{9A19103F-16F7-4668-BE54-9A1E7A4F7556}") = "Ordering.API", "Services\Ordering\Ordering.API\Ordering.API.csproj", "{9C81D8FF-A68E-4010-9095-3B0B99FBA76D}"
EndProject
Project("{9A19103F-16F7-4668-BE54-9A1E7A4F7556}") = "Ordering.Domain", "Services\Ordering\Ordering.Domain\Ordering.Domain.csproj", "{96C7AE28-AE2A-451E-84D0-C5501331768E}"
EndProject
Project("{9A19103F-16F7-4668-BE54-9A1E7A4F7556}") = "Ordering.Application", "Services\Ordering\Ordering.Application\Ordering.Application.csproj", "{4330C9A0-DAA8-41CC-92B3-11DECC45B2B1}"
EndProject
Project("{9A19103F-16F7-4668-BE54-9A1E7A4F7556}") = "Ordering.Infrastructure", "Services\Ordering\Ordering.Infrastructure\Ordering.Infrastructure.csproj", "{A8EF762D-5900-4586-9E4E-274C9516A51F}"
EndProject
Project("{2150E333-8FDC-42A3-9474-1A3956D46DE8}") = "Ordering", "Ordering", "{8D0FB85D-4A8E-42BE-86AA-901D04CEB8CC}"
EndProject
Project("{9A19103F-16F7-4668-BE54-9A1E7A4F7556}") = "Ordering.API.UnitTests", "..\tests\Services\Ordering\Ordering.API.UnitTests\Ordering.API.UnitTests.csproj", "{2F44350E-0121-4177-98C7-0AD17FF0A116}"
EndProject
Project("{9A19103F-16F7-4668-BE54-9A1E7A4F7556}") = "Ordering.Application.UnitTests", "..\tests\Services\Ordering\Ordering.Application.UnitTests\Ordering.Application.UnitTests.csproj", "{6FD911F5-4901-49AC-A91E-DD94AA300CCF}"
EndProject
Project("{9A19103F-16F7-4668-BE54-9A1E7A4F7556}") = "Event.Messages", "BuildingBlocks\Event.Messages\Event.Messages.csproj", "{5F38E1FB-5C1B-4CF5-A33D-C86ADBA987E7}"
EndProject
Project("{2150E333-8FDC-42A3-9474-1A3956D46DE8}") = "Mobile.Bff.Shopping", "Mobile.Bff.Shopping", "{C5DCEA2D-EC60-4EE2-BAD0-698F7DE36342}"
EndProject
Project("{2150E333-8FDC-42A3-9474-1A3956D46DE8}") = "Web.Bff.Shopping", "Web.Bff.Shopping", "{53F76630-34DC-484A-96BD-9A5E2CF723AD}"
EndProject
Project("{9A19103F-16F7-4668-BE54-9A1E7A4F7556}") = "OcelotApiGw.Mobile", "ApiGateways\Mobile.Bff.Shopping\OcelotApiGw.Mobile\OcelotApiGw.Mobile.csproj", "{51EC53B0-036E-49B2-9406-7035A75386EB}"
EndProject
Project("{9A19103F-16F7-4668-BE54-9A1E7A4F7556}") = "OcelotApiGw.Web", "ApiGateways\Web.Bff.Shopping\OcelotApiGw.Web\OcelotApiGw.Web.csproj", "{452FD390-0E4D-4E31-9D56-53302CF41502}"
EndProject
Project("{9A19103F-16F7-4668-BE54-9A1E7A4F7556}") = "Shopping.Aggregator.Web", "ApiGateways\Web.Bff.Shopping\Shopping.Aggregator.Web\Shopping.Aggregator.Web.csproj", "{123A9373-F2AD-40E6-B233-AA7B7CB603FE}"
EndProject
Project("{9A19103F-16F7-4668-BE54-9A1E7A4F7556}") = "Shopping.Aggregator.Mobile", "ApiGateways\Mobile.Bff.Shopping\Shopping.Aggregator.Mobile\Shopping.Aggregator.Mobile.csproj", "{C84DBE04-AAE2-4D27-AB95-202B3A1778D0}"
EndProject
Project("{9A19103F-16F7-4668-BE54-9A1E7A4F7556}") = "WebMVC", "WebApps\WebMVC\WebMVC.csproj", "{B6BE12C7-9C37-4A8B-9818-02E9778E726C}"
EndProject
Global
	GlobalSection(SolutionConfigurationPlatforms) = preSolution
		Debug|Any CPU = Debug|Any CPU
		Release|Any CPU = Release|Any CPU
	EndGlobalSection
	GlobalSection(ProjectConfigurationPlatforms) = postSolution
		{207A1147-94AD-4D9F-A2E0-85B3310B33CE}.Debug|Any CPU.ActiveCfg = Debug|Any CPU
		{207A1147-94AD-4D9F-A2E0-85B3310B33CE}.Debug|Any CPU.Build.0 = Debug|Any CPU
		{207A1147-94AD-4D9F-A2E0-85B3310B33CE}.Release|Any CPU.ActiveCfg = Release|Any CPU
		{207A1147-94AD-4D9F-A2E0-85B3310B33CE}.Release|Any CPU.Build.0 = Release|Any CPU
		{91F23A2A-30B6-4742-9B97-AB64B62DCBD1}.Debug|Any CPU.ActiveCfg = Debug|Any CPU
		{91F23A2A-30B6-4742-9B97-AB64B62DCBD1}.Debug|Any CPU.Build.0 = Debug|Any CPU
		{91F23A2A-30B6-4742-9B97-AB64B62DCBD1}.Release|Any CPU.ActiveCfg = Release|Any CPU
		{91F23A2A-30B6-4742-9B97-AB64B62DCBD1}.Release|Any CPU.Build.0 = Release|Any CPU
		{FA4B1703-8604-4EC8-A1CB-065645CB378A}.Debug|Any CPU.ActiveCfg = Debug|Any CPU
		{FA4B1703-8604-4EC8-A1CB-065645CB378A}.Debug|Any CPU.Build.0 = Debug|Any CPU
		{FA4B1703-8604-4EC8-A1CB-065645CB378A}.Release|Any CPU.ActiveCfg = Release|Any CPU
		{FA4B1703-8604-4EC8-A1CB-065645CB378A}.Release|Any CPU.Build.0 = Release|Any CPU
		{76668F15-E382-4758-B2A8-713067CB53F3}.Debug|Any CPU.ActiveCfg = Debug|Any CPU
		{76668F15-E382-4758-B2A8-713067CB53F3}.Debug|Any CPU.Build.0 = Debug|Any CPU
		{76668F15-E382-4758-B2A8-713067CB53F3}.Release|Any CPU.ActiveCfg = Release|Any CPU
		{76668F15-E382-4758-B2A8-713067CB53F3}.Release|Any CPU.Build.0 = Release|Any CPU
		{88BDFA23-D68B-4D58-8814-68955FB02BBE}.Debug|Any CPU.ActiveCfg = Debug|Any CPU
		{88BDFA23-D68B-4D58-8814-68955FB02BBE}.Debug|Any CPU.Build.0 = Debug|Any CPU
		{88BDFA23-D68B-4D58-8814-68955FB02BBE}.Release|Any CPU.ActiveCfg = Release|Any CPU
		{88BDFA23-D68B-4D58-8814-68955FB02BBE}.Release|Any CPU.Build.0 = Release|Any CPU
		{A77B65AE-FDF0-4345-AD81-EF47CD056F54}.Debug|Any CPU.ActiveCfg = Debug|Any CPU
		{A77B65AE-FDF0-4345-AD81-EF47CD056F54}.Debug|Any CPU.Build.0 = Debug|Any CPU
		{A77B65AE-FDF0-4345-AD81-EF47CD056F54}.Release|Any CPU.ActiveCfg = Release|Any CPU
		{A77B65AE-FDF0-4345-AD81-EF47CD056F54}.Release|Any CPU.Build.0 = Release|Any CPU
		{78C45BC4-BAAA-47EA-B323-8338039FF47D}.Debug|Any CPU.ActiveCfg = Debug|Any CPU
		{78C45BC4-BAAA-47EA-B323-8338039FF47D}.Debug|Any CPU.Build.0 = Debug|Any CPU
		{78C45BC4-BAAA-47EA-B323-8338039FF47D}.Release|Any CPU.ActiveCfg = Release|Any CPU
		{78C45BC4-BAAA-47EA-B323-8338039FF47D}.Release|Any CPU.Build.0 = Release|Any CPU
		{E465524C-055B-46DB-A554-3365990BA244}.Debug|Any CPU.ActiveCfg = Debug|Any CPU
		{E465524C-055B-46DB-A554-3365990BA244}.Debug|Any CPU.Build.0 = Debug|Any CPU
		{E465524C-055B-46DB-A554-3365990BA244}.Release|Any CPU.ActiveCfg = Release|Any CPU
		{E465524C-055B-46DB-A554-3365990BA244}.Release|Any CPU.Build.0 = Release|Any CPU
		{9C81D8FF-A68E-4010-9095-3B0B99FBA76D}.Debug|Any CPU.ActiveCfg = Debug|Any CPU
		{9C81D8FF-A68E-4010-9095-3B0B99FBA76D}.Debug|Any CPU.Build.0 = Debug|Any CPU
		{9C81D8FF-A68E-4010-9095-3B0B99FBA76D}.Release|Any CPU.ActiveCfg = Release|Any CPU
		{9C81D8FF-A68E-4010-9095-3B0B99FBA76D}.Release|Any CPU.Build.0 = Release|Any CPU
		{96C7AE28-AE2A-451E-84D0-C5501331768E}.Debug|Any CPU.ActiveCfg = Debug|Any CPU
		{96C7AE28-AE2A-451E-84D0-C5501331768E}.Debug|Any CPU.Build.0 = Debug|Any CPU
		{96C7AE28-AE2A-451E-84D0-C5501331768E}.Release|Any CPU.ActiveCfg = Release|Any CPU
		{96C7AE28-AE2A-451E-84D0-C5501331768E}.Release|Any CPU.Build.0 = Release|Any CPU
		{4330C9A0-DAA8-41CC-92B3-11DECC45B2B1}.Debug|Any CPU.ActiveCfg = Debug|Any CPU
		{4330C9A0-DAA8-41CC-92B3-11DECC45B2B1}.Debug|Any CPU.Build.0 = Debug|Any CPU
		{4330C9A0-DAA8-41CC-92B3-11DECC45B2B1}.Release|Any CPU.ActiveCfg = Release|Any CPU
		{4330C9A0-DAA8-41CC-92B3-11DECC45B2B1}.Release|Any CPU.Build.0 = Release|Any CPU
		{A8EF762D-5900-4586-9E4E-274C9516A51F}.Debug|Any CPU.ActiveCfg = Debug|Any CPU
		{A8EF762D-5900-4586-9E4E-274C9516A51F}.Debug|Any CPU.Build.0 = Debug|Any CPU
		{A8EF762D-5900-4586-9E4E-274C9516A51F}.Release|Any CPU.ActiveCfg = Release|Any CPU
		{A8EF762D-5900-4586-9E4E-274C9516A51F}.Release|Any CPU.Build.0 = Release|Any CPU
		{2F44350E-0121-4177-98C7-0AD17FF0A116}.Debug|Any CPU.ActiveCfg = Debug|Any CPU
		{2F44350E-0121-4177-98C7-0AD17FF0A116}.Debug|Any CPU.Build.0 = Debug|Any CPU
		{2F44350E-0121-4177-98C7-0AD17FF0A116}.Release|Any CPU.ActiveCfg = Release|Any CPU
		{2F44350E-0121-4177-98C7-0AD17FF0A116}.Release|Any CPU.Build.0 = Release|Any CPU
		{6FD911F5-4901-49AC-A91E-DD94AA300CCF}.Debug|Any CPU.ActiveCfg = Debug|Any CPU
		{6FD911F5-4901-49AC-A91E-DD94AA300CCF}.Debug|Any CPU.Build.0 = Debug|Any CPU
		{6FD911F5-4901-49AC-A91E-DD94AA300CCF}.Release|Any CPU.ActiveCfg = Release|Any CPU
		{6FD911F5-4901-49AC-A91E-DD94AA300CCF}.Release|Any CPU.Build.0 = Release|Any CPU
		{5F38E1FB-5C1B-4CF5-A33D-C86ADBA987E7}.Debug|Any CPU.ActiveCfg = Debug|Any CPU
		{5F38E1FB-5C1B-4CF5-A33D-C86ADBA987E7}.Debug|Any CPU.Build.0 = Debug|Any CPU
		{5F38E1FB-5C1B-4CF5-A33D-C86ADBA987E7}.Release|Any CPU.ActiveCfg = Release|Any CPU
		{5F38E1FB-5C1B-4CF5-A33D-C86ADBA987E7}.Release|Any CPU.Build.0 = Release|Any CPU
		{51EC53B0-036E-49B2-9406-7035A75386EB}.Debug|Any CPU.ActiveCfg = Debug|Any CPU
		{51EC53B0-036E-49B2-9406-7035A75386EB}.Debug|Any CPU.Build.0 = Debug|Any CPU
		{51EC53B0-036E-49B2-9406-7035A75386EB}.Release|Any CPU.ActiveCfg = Release|Any CPU
		{51EC53B0-036E-49B2-9406-7035A75386EB}.Release|Any CPU.Build.0 = Release|Any CPU
		{452FD390-0E4D-4E31-9D56-53302CF41502}.Debug|Any CPU.ActiveCfg = Debug|Any CPU
		{452FD390-0E4D-4E31-9D56-53302CF41502}.Debug|Any CPU.Build.0 = Debug|Any CPU
		{452FD390-0E4D-4E31-9D56-53302CF41502}.Release|Any CPU.ActiveCfg = Release|Any CPU
		{452FD390-0E4D-4E31-9D56-53302CF41502}.Release|Any CPU.Build.0 = Release|Any CPU
		{123A9373-F2AD-40E6-B233-AA7B7CB603FE}.Debug|Any CPU.ActiveCfg = Debug|Any CPU
		{123A9373-F2AD-40E6-B233-AA7B7CB603FE}.Debug|Any CPU.Build.0 = Debug|Any CPU
		{123A9373-F2AD-40E6-B233-AA7B7CB603FE}.Release|Any CPU.ActiveCfg = Release|Any CPU
		{123A9373-F2AD-40E6-B233-AA7B7CB603FE}.Release|Any CPU.Build.0 = Release|Any CPU
		{C84DBE04-AAE2-4D27-AB95-202B3A1778D0}.Debug|Any CPU.ActiveCfg = Debug|Any CPU
		{C84DBE04-AAE2-4D27-AB95-202B3A1778D0}.Debug|Any CPU.Build.0 = Debug|Any CPU
		{C84DBE04-AAE2-4D27-AB95-202B3A1778D0}.Release|Any CPU.ActiveCfg = Release|Any CPU
		{C84DBE04-AAE2-4D27-AB95-202B3A1778D0}.Release|Any CPU.Build.0 = Release|Any CPU
		{B6BE12C7-9C37-4A8B-9818-02E9778E726C}.Debug|Any CPU.ActiveCfg = Debug|Any CPU
		{B6BE12C7-9C37-4A8B-9818-02E9778E726C}.Debug|Any CPU.Build.0 = Debug|Any CPU
		{B6BE12C7-9C37-4A8B-9818-02E9778E726C}.Release|Any CPU.ActiveCfg = Release|Any CPU
		{B6BE12C7-9C37-4A8B-9818-02E9778E726C}.Release|Any CPU.Build.0 = Release|Any CPU
	EndGlobalSection
	GlobalSection(SolutionProperties) = preSolution
		HideSolutionNode = FALSE
	EndGlobalSection
	GlobalSection(NestedProjects) = preSolution
		{95D116AE-E59C-4588-9818-A5D0A9F6663F} = {07A8D1C2-A07B-4606-B1F1-DFBC16F8C8AE}
		{866B743A-EE77-4229-81E8-129FAD0F7450} = {95D116AE-E59C-4588-9818-A5D0A9F6663F}
		{207A1147-94AD-4D9F-A2E0-85B3310B33CE} = {866B743A-EE77-4229-81E8-129FAD0F7450}
		{8075D911-EFE6-4B87-8D2C-B3D38481AF77} = {232D103D-AF2F-4725-B7DB-ED56F5687862}
		{E6CD1C10-8FC8-45D1-AE60-78B0348D4F5B} = {8075D911-EFE6-4B87-8D2C-B3D38481AF77}
		{4F1B14EE-5A02-4E16-88D3-3CDFA8BAE6B6} = {07A8D1C2-A07B-4606-B1F1-DFBC16F8C8AE}
		{9A986B3C-673A-491B-B034-F3AA33572414} = {07A8D1C2-A07B-4606-B1F1-DFBC16F8C8AE}
		{7DE7D007-7EB8-4317-972D-2AF7C7A87F0C} = {07A8D1C2-A07B-4606-B1F1-DFBC16F8C8AE}
		{DBC763DA-B03F-40D1-B30B-D157C5E6AD70} = {95D116AE-E59C-4588-9818-A5D0A9F6663F}
		{FA4B1703-8604-4EC8-A1CB-065645CB378A} = {DBC763DA-B03F-40D1-B30B-D157C5E6AD70}
		{760A0C35-E8E2-43E7-A1D2-4A813FD28CBA} = {8075D911-EFE6-4B87-8D2C-B3D38481AF77}
		{76668F15-E382-4758-B2A8-713067CB53F3} = {760A0C35-E8E2-43E7-A1D2-4A813FD28CBA}
		{88BDFA23-D68B-4D58-8814-68955FB02BBE} = {E6CD1C10-8FC8-45D1-AE60-78B0348D4F5B}
		{CCE63820-7410-49B2-8CE8-F01476DDECDA} = {95D116AE-E59C-4588-9818-A5D0A9F6663F}
		{A77B65AE-FDF0-4345-AD81-EF47CD056F54} = {CCE63820-7410-49B2-8CE8-F01476DDECDA}
		{5E2CBD24-2F6E-4412-B579-72039880F150} = {8075D911-EFE6-4B87-8D2C-B3D38481AF77}
		{78C45BC4-BAAA-47EA-B323-8338039FF47D} = {5E2CBD24-2F6E-4412-B579-72039880F150}
		{E465524C-055B-46DB-A554-3365990BA244} = {CCE63820-7410-49B2-8CE8-F01476DDECDA}
		{358ACE3F-BB84-4D04-A0C3-2F0A978FD560} = {95D116AE-E59C-4588-9818-A5D0A9F6663F}
		{9C81D8FF-A68E-4010-9095-3B0B99FBA76D} = {358ACE3F-BB84-4D04-A0C3-2F0A978FD560}
		{96C7AE28-AE2A-451E-84D0-C5501331768E} = {358ACE3F-BB84-4D04-A0C3-2F0A978FD560}
		{4330C9A0-DAA8-41CC-92B3-11DECC45B2B1} = {358ACE3F-BB84-4D04-A0C3-2F0A978FD560}
		{A8EF762D-5900-4586-9E4E-274C9516A51F} = {358ACE3F-BB84-4D04-A0C3-2F0A978FD560}
		{8D0FB85D-4A8E-42BE-86AA-901D04CEB8CC} = {8075D911-EFE6-4B87-8D2C-B3D38481AF77}
		{2F44350E-0121-4177-98C7-0AD17FF0A116} = {8D0FB85D-4A8E-42BE-86AA-901D04CEB8CC}
		{6FD911F5-4901-49AC-A91E-DD94AA300CCF} = {8D0FB85D-4A8E-42BE-86AA-901D04CEB8CC}
		{5F38E1FB-5C1B-4CF5-A33D-C86ADBA987E7} = {9A986B3C-673A-491B-B034-F3AA33572414}
		{C5DCEA2D-EC60-4EE2-BAD0-698F7DE36342} = {7DE7D007-7EB8-4317-972D-2AF7C7A87F0C}
		{53F76630-34DC-484A-96BD-9A5E2CF723AD} = {7DE7D007-7EB8-4317-972D-2AF7C7A87F0C}
		{51EC53B0-036E-49B2-9406-7035A75386EB} = {C5DCEA2D-EC60-4EE2-BAD0-698F7DE36342}
		{452FD390-0E4D-4E31-9D56-53302CF41502} = {53F76630-34DC-484A-96BD-9A5E2CF723AD}
		{123A9373-F2AD-40E6-B233-AA7B7CB603FE} = {53F76630-34DC-484A-96BD-9A5E2CF723AD}
		{C84DBE04-AAE2-4D27-AB95-202B3A1778D0} = {C5DCEA2D-EC60-4EE2-BAD0-698F7DE36342}
		{B6BE12C7-9C37-4A8B-9818-02E9778E726C} = {4F1B14EE-5A02-4E16-88D3-3CDFA8BAE6B6}
	EndGlobalSection
	GlobalSection(ExtensibilityGlobals) = postSolution
		SolutionGuid = {38816EF8-25B3-4E41-9879-1BCB8B7EE6B8}
	EndGlobalSection
EndGlobal
